
Microsoft Visual Studio Solution File, Format Version 12.00
# Visual Studio Version 16
VisualStudioVersion = 16.0.30320.27
MinimumVisualStudioVersion = 10.0.40219.1
Project("{FAE04EC0-301F-11D3-BF4B-00C04F79EFBC}") = "SkiaSharpPoc", "SkiaSharpPoc\SkiaSharpPoc.csproj", "{87A58E1B-0F32-4636-B229-AF0193F1A656}"
EndProject
Project("{2150E333-8FDC-42A3-9474-1A3956D46DE8}") = "Solution Items", "Solution Items", "{0A256D3A-BAC8-4157-9D99-497FFF6E25E2}"
	ProjectSection(SolutionItems) = preProject
		.editorconfig = .editorconfig
	EndProjectSection
EndProject
Project("{FAE04EC0-301F-11D3-BF4B-00C04F79EFBC}") = "SkiaSharpPoc.ViewModels", "SkiaSharpPoc.ViewModels\SkiaSharpPoc.ViewModels.csproj", "{FE21360E-AAC3-4773-8301-DB804D99C1AC}"
EndProject
Global
	GlobalSection(SolutionConfigurationPlatforms) = preSolution
		Debug|Any CPU = Debug|Any CPU
		Debug|ARM = Debug|ARM
		Debug|ARM64 = Debug|ARM64
		Debug|x64 = Debug|x64
		Debug|x86 = Debug|x86
		Release|Any CPU = Release|Any CPU
		Release|ARM = Release|ARM
		Release|ARM64 = Release|ARM64
		Release|x64 = Release|x64
		Release|x86 = Release|x86
	EndGlobalSection
	GlobalSection(ProjectConfigurationPlatforms) = postSolution
		{87A58E1B-0F32-4636-B229-AF0193F1A656}.Debug|Any CPU.ActiveCfg = Debug|x86
		{87A58E1B-0F32-4636-B229-AF0193F1A656}.Debug|ARM.ActiveCfg = Debug|ARM
		{87A58E1B-0F32-4636-B229-AF0193F1A656}.Debug|ARM.Build.0 = Debug|ARM
		{87A58E1B-0F32-4636-B229-AF0193F1A656}.Debug|ARM.Deploy.0 = Debug|ARM
		{87A58E1B-0F32-4636-B229-AF0193F1A656}.Debug|ARM64.ActiveCfg = Debug|ARM64
		{87A58E1B-0F32-4636-B229-AF0193F1A656}.Debug|ARM64.Build.0 = Debug|ARM64
		{87A58E1B-0F32-4636-B229-AF0193F1A656}.Debug|ARM64.Deploy.0 = Debug|ARM64
		{87A58E1B-0F32-4636-B229-AF0193F1A656}.Debug|x64.ActiveCfg = Debug|x64
		{87A58E1B-0F32-4636-B229-AF0193F1A656}.Debug|x64.Build.0 = Debug|x64
		{87A58E1B-0F32-4636-B229-AF0193F1A656}.Debug|x64.Deploy.0 = Debug|x64
		{87A58E1B-0F32-4636-B229-AF0193F1A656}.Debug|x86.ActiveCfg = Debug|x86
		{87A58E1B-0F32-4636-B229-AF0193F1A656}.Debug|x86.Build.0 = Debug|x86
		{87A58E1B-0F32-4636-B229-AF0193F1A656}.Debug|x86.Deploy.0 = Debug|x86
		{87A58E1B-0F32-4636-B229-AF0193F1A656}.Release|Any CPU.ActiveCfg = Release|x86
		{87A58E1B-0F32-4636-B229-AF0193F1A656}.Release|ARM.ActiveCfg = Release|ARM
		{87A58E1B-0F32-4636-B229-AF0193F1A656}.Release|ARM.Build.0 = Release|ARM
		{87A58E1B-0F32-4636-B229-AF0193F1A656}.Release|ARM.Deploy.0 = Release|ARM
		{87A58E1B-0F32-4636-B229-AF0193F1A656}.Release|ARM64.ActiveCfg = Release|ARM64
		{87A58E1B-0F32-4636-B229-AF0193F1A656}.Release|ARM64.Build.0 = Release|ARM64
		{87A58E1B-0F32-4636-B229-AF0193F1A656}.Release|ARM64.Deploy.0 = Release|ARM64
		{87A58E1B-0F32-4636-B229-AF0193F1A656}.Release|x64.ActiveCfg = Release|x64
		{87A58E1B-0F32-4636-B229-AF0193F1A656}.Release|x64.Build.0 = Release|x64
		{87A58E1B-0F32-4636-B229-AF0193F1A656}.Release|x64.Deploy.0 = Release|x64
		{87A58E1B-0F32-4636-B229-AF0193F1A656}.Release|x86.ActiveCfg = Release|x86
		{87A58E1B-0F32-4636-B229-AF0193F1A656}.Release|x86.Build.0 = Release|x86
		{87A58E1B-0F32-4636-B229-AF0193F1A656}.Release|x86.Deploy.0 = Release|x86
		{FE21360E-AAC3-4773-8301-DB804D99C1AC}.Debug|Any CPU.ActiveCfg = Debug|Any CPU
		{FE21360E-AAC3-4773-8301-DB804D99C1AC}.Debug|Any CPU.Build.0 = Debug|Any CPU
		{FE21360E-AAC3-4773-8301-DB804D99C1AC}.Debug|ARM.ActiveCfg = Debug|Any CPU
		{FE21360E-AAC3-4773-8301-DB804D99C1AC}.Debug|ARM.Build.0 = Debug|Any CPU
		{FE21360E-AAC3-4773-8301-DB804D99C1AC}.Debug|ARM64.ActiveCfg = Debug|Any CPU
		{FE21360E-AAC3-4773-8301-DB804D99C1AC}.Debug|ARM64.Build.0 = Debug|Any CPU
		{FE21360E-AAC3-4773-8301-DB804D99C1AC}.Debug|x64.ActiveCfg = Debug|Any CPU
		{FE21360E-AAC3-4773-8301-DB804D99C1AC}.Debug|x64.Build.0 = Debug|Any CPU
		{FE21360E-AAC3-4773-8301-DB804D99C1AC}.Debug|x86.ActiveCfg = Debug|Any CPU
		{FE21360E-AAC3-4773-8301-DB804D99C1AC}.Debug|x86.Build.0 = Debug|Any CPU
		{FE21360E-AAC3-4773-8301-DB804D99C1AC}.Release|Any CPU.ActiveCfg = Release|Any CPU
		{FE21360E-AAC3-4773-8301-DB804D99C1AC}.Release|Any CPU.Build.0 = Release|Any CPU
		{FE21360E-AAC3-4773-8301-DB804D99C1AC}.Release|ARM.ActiveCfg = Release|Any CPU
		{FE21360E-AAC3-4773-8301-DB804D99C1AC}.Release|ARM.Build.0 = Release|Any CPU
		{FE21360E-AAC3-4773-8301-DB804D99C1AC}.Release|ARM64.ActiveCfg = Release|Any CPU
		{FE21360E-AAC3-4773-8301-DB804D99C1AC}.Release|ARM64.Build.0 = Release|Any CPU
		{FE21360E-AAC3-4773-8301-DB804D99C1AC}.Release|x64.ActiveCfg = Release|Any CPU
		{FE21360E-AAC3-4773-8301-DB804D99C1AC}.Release|x64.Build.0 = Release|Any CPU
		{FE21360E-AAC3-4773-8301-DB804D99C1AC}.Release|x86.ActiveCfg = Release|Any CPU
		{FE21360E-AAC3-4773-8301-DB804D99C1AC}.Release|x86.Build.0 = Release|Any CPU
	EndGlobalSection
	GlobalSection(SolutionProperties) = preSolution
		HideSolutionNode = FALSE
	EndGlobalSection
	GlobalSection(ExtensibilityGlobals) = postSolution
		SolutionGuid = {655B0449-8882-492B-8AAB-016A84AF911D}
	EndGlobalSection
EndGlobal
